// !$*UTF8*$!
{
	archiveVersion = 1;
	classes = {
	};
	objectVersion = 46;
	objects = {

/* Begin PBXBuildFile section */
		3BA4435E1B897F5C00B26CE1 /* AppDelegate.swift in Sources */ = {isa = PBXBuildFile; fileRef = 3BA4435D1B897F5C00B26CE1 /* AppDelegate.swift */; };
		3BA443601B897F5C00B26CE1 /* ViewController.swift in Sources */ = {isa = PBXBuildFile; fileRef = 3BA4435F1B897F5C00B26CE1 /* ViewController.swift */; };
		3BA443631B897F5C00B26CE1 /* Main.storyboard in Resources */ = {isa = PBXBuildFile; fileRef = 3BA443611B897F5C00B26CE1 /* Main.storyboard */; };
		3BA443651B897F5C00B26CE1 /* Images.xcassets in Resources */ = {isa = PBXBuildFile; fileRef = 3BA443641B897F5C00B26CE1 /* Images.xcassets */; };
		3BA443681B897F5C00B26CE1 /* LaunchScreen.xib in Resources */ = {isa = PBXBuildFile; fileRef = 3BA443661B897F5C00B26CE1 /* LaunchScreen.xib */; };
		3BA443741B897F5C00B26CE1 /* GetstationTests.swift in Sources */ = {isa = PBXBuildFile; fileRef = 3BA443731B897F5C00B26CE1 /* GetstationTests.swift */; };
/* End PBXBuildFile section */

/* Begin PBXContainerItemProxy section */
		3BA4436E1B897F5C00B26CE1 /* PBXContainerItemProxy */ = {
			isa = PBXContainerItemProxy;
			containerPortal = 3BA443501B897F5C00B26CE1 /* Project object */;
			proxyType = 1;
			remoteGlobalIDString = 3BA443571B897F5C00B26CE1;
			remoteInfo = Getstation;
		};
/* End PBXContainerItemProxy section */

/* Begin PBXFileReference section */
		3BA443581B897F5C00B26CE1 /* Getstation.app */ = {isa = PBXFileReference; explicitFileType = wrapper.application; includeInIndex = 0; path = Getstation.app; sourceTree = BUILT_PRODUCTS_DIR; };
		3BA4435C1B897F5C00B26CE1 /* Info.plist */ = {isa = PBXFileReference; lastKnownFileType = text.plist.xml; path = Info.plist; sourceTree = "<group>"; };
		3BA4435D1B897F5C00B26CE1 /* AppDelegate.swift */ = {isa = PBXFileReference; lastKnownFileType = sourcecode.swift; path = AppDelegate.swift; sourceTree = "<group>"; };
		3BA4435F1B897F5C00B26CE1 /* ViewController.swift */ = {isa = PBXFileReference; lastKnownFileType = sourcecode.swift; path = ViewController.swift; sourceTree = "<group>"; };
		3BA443621B897F5C00B26CE1 /* Base */ = {isa = PBXFileReference; lastKnownFileType = file.storyboard; name = Base; path = Base.lproj/Main.storyboard; sourceTree = "<group>"; };
		3BA443641B897F5C00B26CE1 /* Images.xcassets */ = {isa = PBXFileReference; lastKnownFileType = folder.assetcatalog; path = Images.xcassets; sourceTree = "<group>"; };
		3BA443671B897F5C00B26CE1 /* Base */ = {isa = PBXFileReference; lastKnownFileType = file.xib; name = Base; path = Base.lproj/LaunchScreen.xib; sourceTree = "<group>"; };
		3BA4436D1B897F5C00B26CE1 /* GetstationTests.xctest */ = {isa = PBXFileReference; explicitFileType = wrapper.cfbundle; includeInIndex = 0; path = GetstationTests.xctest; sourceTree = BUILT_PRODUCTS_DIR; };
		3BA443721B897F5C00B26CE1 /* Info.plist */ = {isa = PBXFileReference; lastKnownFileType = text.plist.xml; path = Info.plist; sourceTree = "<group>"; };
		3BA443731B897F5C00B26CE1 /* GetstationTests.swift */ = {isa = PBXFileReference; lastKnownFileType = sourcecode.swift; path = GetstationTests.swift; sourceTree = "<group>"; };
/* End PBXFileReference section */

/* Begin PBXFrameworksBuildPhase section */
		3BA443551B897F5C00B26CE1 /* Frameworks */ = {
			isa = PBXFrameworksBuildPhase;
			buildActionMask = 2147483647;
			files = (
			);
			runOnlyForDeploymentPostprocessing = 0;
		};
		3BA4436A1B897F5C00B26CE1 /* Frameworks */ = {
			isa = PBXFrameworksBuildPhase;
			buildActionMask = 2147483647;
			files = (
			);
			runOnlyForDeploymentPostprocessing = 0;
		};
/* End PBXFrameworksBuildPhase section */

/* Begin PBXGroup section */
		3BA4434F1B897F5C00B26CE1 = {
			isa = PBXGroup;
			children = (
				3BA4435A1B897F5C00B26CE1 /* Getstation */,
				3BA443701B897F5C00B26CE1 /* GetstationTests */,
				3BA443591B897F5C00B26CE1 /* Products */,
			);
			sourceTree = "<group>";
		};
		3BA443591B897F5C00B26CE1 /* Products */ = {
			isa = PBXGroup;
			children = (
				3BA443581B897F5C00B26CE1 /* Getstation.app */,
				3BA4436D1B897F5C00B26CE1 /* GetstationTests.xctest */,
			);
			name = Products;
			sourceTree = "<group>";
		};
		3BA4435A1B897F5C00B26CE1 /* Getstation */ = {
			isa = PBXGroup;
			children = (
				3BA4435D1B897F5C00B26CE1 /* AppDelegate.swift */,
				3BA4435F1B897F5C00B26CE1 /* ViewController.swift */,
				3BA443611B897F5C00B26CE1 /* Main.storyboard */,
				3BA443641B897F5C00B26CE1 /* Images.xcassets */,
				3BA443661B897F5C00B26CE1 /* LaunchScreen.xib */,
				3BA4435B1B897F5C00B26CE1 /* Supporting Files */,
			);
			path = Getstation;
			sourceTree = "<group>";
		};
		3BA4435B1B897F5C00B26CE1 /* Supporting Files */ = {
			isa = PBXGroup;
			children = (
				3BA4435C1B897F5C00B26CE1 /* Info.plist */,
			);
			name = "Supporting Files";
			sourceTree = "<group>";
		};
		3BA443701B897F5C00B26CE1 /* GetstationTests */ = {
			isa = PBXGroup;
			children = (
				3BA443731B897F5C00B26CE1 /* GetstationTests.swift */,
				3BA443711B897F5C00B26CE1 /* Supporting Files */,
			);
			path = GetstationTests;
			sourceTree = "<group>";
		};
		3BA443711B897F5C00B26CE1 /* Supporting Files */ = {
			isa = PBXGroup;
			children = (
				3BA443721B897F5C00B26CE1 /* Info.plist */,
			);
			name = "Supporting Files";
			sourceTree = "<group>";
		};
/* End PBXGroup section */

/* Begin PBXNativeTarget section */
		3BA443571B897F5C00B26CE1 /* Getstation */ = {
			isa = PBXNativeTarget;
			buildConfigurationList = 3BA443771B897F5C00B26CE1 /* Build configuration list for PBXNativeTarget "Getstation" */;
			buildPhases = (
				3BA443541B897F5C00B26CE1 /* Sources */,
				3BA443551B897F5C00B26CE1 /* Frameworks */,
				3BA443561B897F5C00B26CE1 /* Resources */,
			);
			buildRules = (
			);
			dependencies = (
			);
			name = Getstation;
			productName = Getstation;
			productReference = 3BA443581B897F5C00B26CE1 /* Getstation.app */;
			productType = "com.apple.product-type.application";
		};
		3BA4436C1B897F5C00B26CE1 /* GetstationTests */ = {
			isa = PBXNativeTarget;
			buildConfigurationList = 3BA4437A1B897F5C00B26CE1 /* Build configuration list for PBXNativeTarget "GetstationTests" */;
			buildPhases = (
				3BA443691B897F5C00B26CE1 /* Sources */,
				3BA4436A1B897F5C00B26CE1 /* Frameworks */,
				3BA4436B1B897F5C00B26CE1 /* Resources */,
			);
			buildRules = (
			);
			dependencies = (
				3BA4436F1B897F5C00B26CE1 /* PBXTargetDependency */,
			);
			name = GetstationTests;
			productName = GetstationTests;
			productReference = 3BA4436D1B897F5C00B26CE1 /* GetstationTests.xctest */;
			productType = "com.apple.product-type.bundle.unit-test";
		};
/* End PBXNativeTarget section */

/* Begin PBXProject section */
		3BA443501B897F5C00B26CE1 /* Project object */ = {
			isa = PBXProject;
			attributes = {
				LastUpgradeCheck = 0640;
				ORGANIZATIONNAME = "Aaron Addleman";
				TargetAttributes = {
					3BA443571B897F5C00B26CE1 = {
						CreatedOnToolsVersion = 6.4;
					};
					3BA4436C1B897F5C00B26CE1 = {
						CreatedOnToolsVersion = 6.4;
						TestTargetID = 3BA443571B897F5C00B26CE1;
					};
				};
			};
			buildConfigurationList = 3BA443531B897F5C00B26CE1 /* Build configuration list for PBXProject "Getstation" */;
			compatibilityVersion = "Xcode 3.2";
			developmentRegion = English;
			hasScannedForEncodings = 0;
			knownRegions = (
				en,
				Base,
			);
			mainGroup = 3BA4434F1B897F5C00B26CE1;
			productRefGroup = 3BA443591B897F5C00B26CE1 /* Products */;
			projectDirPath = "";
			projectRoot = "";
			targets = (
				3BA443571B897F5C00B26CE1 /* Getstation */,
				3BA4436C1B897F5C00B26CE1 /* GetstationTests */,
			);
		};
/* End PBXProject section */

/* Begin PBXResourcesBuildPhase section */
		3BA443561B897F5C00B26CE1 /* Resources */ = {
			isa = PBXResourcesBuildPhase;
			buildActionMask = 2147483647;
			files = (
				3BA443631B897F5C00B26CE1 /* Main.storyboard in Resources */,
				3BA443681B897F5C00B26CE1 /* LaunchScreen.xib in Resources */,
				3BA443651B897F5C00B26CE1 /* Images.xcassets in Resources */,
			);
			runOnlyForDeploymentPostprocessing = 0;
		};
		3BA4436B1B897F5C00B26CE1 /* Resources */ = {
			isa = PBXResourcesBuildPhase;
			buildActionMask = 2147483647;
			files = (
			);
			runOnlyForDeploymentPostprocessing = 0;
		};
/* End PBXResourcesBuildPhase section */

/* Begin PBXSourcesBuildPhase section */
		3BA443541B897F5C00B26CE1 /* Sources */ = {
			isa = PBXSourcesBuildPhase;
			buildActionMask = 2147483647;
			files = (
				3BA443601B897F5C00B26CE1 /* ViewController.swift in Sources */,
				3BA4435E1B897F5C00B26CE1 /* AppDelegate.swift in Sources */,
			);
			runOnlyForDeploymentPostprocessing = 0;
		};
		3BA443691B897F5C00B26CE1 /* Sources */ = {
			isa = PBXSourcesBuildPhase;
			buildActionMask = 2147483647;
			files = (
				3BA443741B897F5C00B26CE1 /* GetstationTests.swift in Sources */,
			);
			runOnlyForDeploymentPostprocessing = 0;
		};
/* End PBXSourcesBuildPhase section */

/* Begin PBXTargetDependency section */
		3BA4436F1B897F5C00B26CE1 /* PBXTargetDependency */ = {
			isa = PBXTargetDependency;
			target = 3BA443571B897F5C00B26CE1 /* Getstation */;
			targetProxy = 3BA4436E1B897F5C00B26CE1 /* PBXContainerItemProxy */;
		};
/* End PBXTargetDependency section */

/* Begin PBXVariantGroup section */
		3BA443611B897F5C00B26CE1 /* Main.storyboard */ = {
			isa = PBXVariantGroup;
			children = (
				3BA443621B897F5C00B26CE1 /* Base */,
			);
			name = Main.storyboard;
			sourceTree = "<group>";
		};
		3BA443661B897F5C00B26CE1 /* LaunchScreen.xib */ = {
			isa = PBXVariantGroup;
			children = (
				3BA443671B897F5C00B26CE1 /* Base */,
			);
			name = LaunchScreen.xib;
			sourceTree = "<group>";
		};
/* End PBXVariantGroup section */

/* Begin XCBuildConfiguration section */
		3BA443751B897F5C00B26CE1 /* Debug */ = {
			isa = XCBuildConfiguration;
			buildSettings = {
				ALWAYS_SEARCH_USER_PATHS = NO;
				CLANG_CXX_LANGUAGE_STANDARD = "gnu++0x";
				CLANG_CXX_LIBRARY = "libc++";
				CLANG_ENABLE_MODULES = YES;
				CLANG_ENABLE_OBJC_ARC = YES;
				CLANG_WARN_BOOL_CONVERSION = YES;
				CLANG_WARN_CONSTANT_CONVERSION = YES;
				CLANG_WARN_DIRECT_OBJC_ISA_USAGE = YES_ERROR;
				CLANG_WARN_EMPTY_BODY = YES;
				CLANG_WARN_ENUM_CONVERSION = YES;
				CLANG_WARN_INT_CONVERSION = YES;
				CLANG_WARN_OBJC_ROOT_CLASS = YES_ERROR;
				CLANG_WARN_UNREACHABLE_CODE = YES;
				CLANG_WARN__DUPLICATE_METHOD_MATCH = YES;
				"CODE_SIGN_IDENTITY[sdk=iphoneos*]" = "iPhone Developer";
				COPY_PHASE_STRIP = NO;
				DEBUG_INFORMATION_FORMAT = "dwarf-with-dsym";
				ENABLE_STRICT_OBJC_MSGSEND = YES;
				GCC_C_LANGUAGE_STANDARD = gnu99;
				GCC_DYNAMIC_NO_PIC = NO;
				GCC_NO_COMMON_BLOCKS = YES;
				GCC_OPTIMIZATION_LEVEL = 0;
				GCC_PREPROCESSOR_DEFINITIONS = (
					"DEBUG=1",
					"$(inherited)",
				);
				GCC_SYMBOLS_PRIVATE_EXTERN = NO;
				GCC_WARN_64_TO_32_BIT_CONVERSION = YES;
				GCC_WARN_ABOUT_RETURN_TYPE = YES_ERROR;
				GCC_WARN_UNDECLARED_SELECTOR = YES;
				GCC_WARN_UNINITIALIZED_AUTOS = YES_AGGRESSIVE;
				GCC_WARN_UNUSED_FUNCTION = YES;
				GCC_WARN_UNUSED_VARIABLE = YES;
				IPHONEOS_DEPLOYMENT_TARGET = 8.4;
				MTL_ENABLE_DEBUG_INFO = YES;
				ONLY_ACTIVE_ARCH = YES;
				SDKROOT = iphoneos;
				SWIFT_OPTIMIZATION_LEVEL = "-Onone";
				TARGETED_DEVICE_FAMILY = "1,2";
			};
			name = Debug;
		};
		3BA443761B897F5C00B26CE1 /* Release */ = {
			isa = XCBuildConfiguration;
			buildSettings = {
				ALWAYS_SEARCH_USER_PATHS = NO;
				CLANG_CXX_LANGUAGE_STANDARD = "gnu++0x";
				CLANG_CXX_LIBRARY = "libc++";
				CLANG_ENABLE_MODULES = YES;
				CLANG_ENABLE_OBJC_ARC = YES;
				CLANG_WARN_BOOL_CONVERSION = YES;
				CLANG_WARN_CONSTANT_CONVERSION = YES;
				CLANG_WARN_DIRECT_OBJC_ISA_USAGE = YES_ERROR;
				CLANG_WARN_EMPTY_BODY = YES;
				CLANG_WARN_ENUM_CONVERSION = YES;
				CLANG_WARN_INT_CONVERSION = YES;
				CLANG_WARN_OBJC_ROOT_CLASS = YES_ERROR;
				CLANG_WARN_UNREACHABLE_CODE = YES;
				CLANG_WARN__DUPLICATE_METHOD_MATCH = YES;
				"CODE_SIGN_IDENTITY[sdk=iphoneos*]" = "iPhone Developer";
				COPY_PHASE_STRIP = NO;
				DEBUG_INFORMATION_FORMAT = "dwarf-with-dsym";
				ENABLE_NS_ASSERTIONS = NO;
				ENABLE_STRICT_OBJC_MSGSEND = YES;
				GCC_C_LANGUAGE_STANDARD = gnu99;
				GCC_NO_COMMON_BLOCKS = YES;
				GCC_WARN_64_TO_32_BIT_CONVERSION = YES;
				GCC_WARN_ABOUT_RETURN_TYPE = YES_ERROR;
				GCC_WARN_UNDECLARED_SELECTOR = YES;
				GCC_WARN_UNINITIALIZED_AUTOS = YES_AGGRESSIVE;
				GCC_WARN_UNUSED_FUNCTION = YES;
				GCC_WARN_UNUSED_VARIABLE = YES;
				IPHONEOS_DEPLOYMENT_TARGET = 8.4;
				MTL_ENABLE_DEBUG_INFO = NO;
				SDKROOT = iphoneos;
				TARGETED_DEVICE_FAMILY = "1,2";
				VALIDATE_PRODUCT = YES;
			};
			name = Release;
		};
		3BA443781B897F5C00B26CE1 /* Debug */ = {
			isa = XCBuildConfiguration;
			buildSettings = {
				ASSETCATALOG_COMPILER_APPICON_NAME = AppIcon;
				INFOPLIST_FILE = Getstation/Info.plist;
				LD_RUNPATH_SEARCH_PATHS = "$(inherited) @executable_path/Frameworks";
				PRODUCT_NAME = "$(TARGET_NAME)";
			};
			name = Debug;
		};
		3BA443791B897F5C00B26CE1 /* Release */ = {
			isa = XCBuildConfiguration;
			buildSettings = {
				ASSETCATALOG_COMPILER_APPICON_NAME = AppIcon;
				INFOPLIST_FILE = Getstation/Info.plist;
				LD_RUNPATH_SEARCH_PATHS = "$(inherited) @executable_path/Frameworks";
				PRODUCT_NAME = "$(TARGET_NAME)";
			};
			name = Release;
		};
		3BA4437B1B897F5C00B26CE1 /* Debug */ = {
			isa = XCBuildConfiguration;
			buildSettings = {
				BUNDLE_LOADER = "$(TEST_HOST)";
				FRAMEWORK_SEARCH_PATHS = (
					"$(SDKROOT)/Developer/Library/Frameworks",
					"$(inherited)",
				);
				GCC_PREPROCESSOR_DEFINITIONS = (
					"DEBUG=1",
					"$(inherited)",
				);
				INFOPLIST_FILE = GetstationTests/Info.plist;
				LD_RUNPATH_SEARCH_PATHS = "$(inherited) @executable_path/Frameworks @loader_path/Frameworks";
				PRODUCT_NAME = "$(TARGET_NAME)";
				TEST_HOST = "$(BUILT_PRODUCTS_DIR)/Getstation.app/Getstation";
			};
			name = Debug;
		};
		3BA4437C1B897F5C00B26CE1 /* Release */ = {
			isa = XCBuildConfiguration;
			buildSettings = {
				BUNDLE_LOADER = "$(TEST_HOST)";
				FRAMEWORK_SEARCH_PATHS = (
					"$(SDKROOT)/Developer/Library/Frameworks",
					"$(inherited)",
				);
				INFOPLIST_FILE = GetstationTests/Info.plist;
				LD_RUNPATH_SEARCH_PATHS = "$(inherited) @executable_path/Frameworks @loader_path/Frameworks";
				PRODUCT_NAME = "$(TARGET_NAME)";
				TEST_HOST = "$(BUILT_PRODUCTS_DIR)/Getstation.app/Getstation";
			};
			name = Release;
		};
/* End XCBuildConfiguration section */

/* Begin XCConfigurationList section */
		3BA443531B897F5C00B26CE1 /* Build configuration list for PBXProject "Getstation" */ = {
			isa = XCConfigurationList;
			buildConfigurations = (
				3BA443751B897F5C00B26CE1 /* Debug */,
				3BA443761B897F5C00B26CE1 /* Release */,
			);
			defaultConfigurationIsVisible = 0;
			defaultConfigurationName = Release;
		};
		3BA443771B897F5C00B26CE1 /* Build configuration list for PBXNativeTarget "Getstation" */ = {
			isa = XCConfigurationList;
			buildConfigurations = (
				3BA443781B897F5C00B26CE1 /* Debug */,
				3BA443791B897F5C00B26CE1 /* Release */,
			);
			defaultConfigurationIsVisible = 0;
		};
		3BA4437A1B897F5C00B26CE1 /* Build configuration list for PBXNativeTarget "GetstationTests" */ = {
			isa = XCConfigurationList;
			buildConfigurations = (
				3BA4437B1B897F5C00B26CE1 /* Debug */,
				3BA4437C1B897F5C00B26CE1 /* Release */,
			);
			defaultConfigurationIsVisible = 0;
		};
/* End XCConfigurationList section */
	};
	rootObject = 3BA443501B897F5C00B26CE1 /* Project object */;
}
